# This file is automatically @generated by Poetry 1.4.2 and should not be changed by hand.

[[package]]
name = "click"
version = "6.0"
description = "A simple wrapper around optparse for powerful command line utilities."
category = "main"
optional = false
python-versions = "*"
files = [
    {file = "click-6.0-py2.py3-none-any.whl", hash = "sha256:561a954a8740f1fc9c101679f43f3b75499192de1c44fbc05a5c27877047a76f"},
    {file = "click-6.0.tar.gz", hash = "sha256:3972ee95a32181e9069040414dd7c77001e9404c3c4d295300cdca06a8db026d"},
]

[[package]]
name = "sappy"
version = "1.1"
description = "Single-page application server for end-to-end testing."
category = "main"
optional = false
python-versions = "*"
files = [
    {file = "sappy-1.1-py3-none-any.whl", hash = "sha256:c35e4e21cc618d5a3b19722ff421e9c827a60d1d1752f257777338063733a29f"},
    {file = "sappy-1.1.tar.gz", hash = "sha256:98211c3e538fa5c4f4a3afba6100c66c29bbd0e337c96b75c8211a3ced267c27"},
]

[package.dependencies]
click = ">=6.0.0,<6.1.0"

[metadata]
lock-version = "2.0"
python-versions = "^3.9"
content-hash = "f23d0d4c82b8561f2915f0f35568593373310be00c4ecda5f04ebb2d2908d08b"
